
Microsoft Visual Studio Solution File, Format Version 12.00
# Visual Studio Version 17
VisualStudioVersion = 17.3.32819.101
MinimumVisualStudioVersion = 10.0.40219.1
Project("{FAE04EC0-301F-11D3-BF4B-00C04F79EFBC}") = "Eventmi", "Eventmi.csproj", "{311E9E1C-597F-4E94-AE02-A4D911550D5C}"
EndProject
Project("{FAE04EC0-301F-11D3-BF4B-00C04F79EFBC}") = "Eventmi.Core", "..\Eventmi.Core\Eventmi.Core.csproj", "{05649C87-D978-4B6D-B8A0-C072ADC120F9}"
EndProject
Project("{FAE04EC0-301F-11D3-BF4B-00C04F79EFBC}") = "Eventmi.Infrastructure", "..\Eventmi.Infrastructure\Eventmi.Infrastructure.csproj", "{1C285D13-CF9A-4AFF-928C-3A303B8EE973}"
EndProject
Global
	GlobalSection(SolutionConfigurationPlatforms) = preSolution
		Debug|Any CPU = Debug|Any CPU
		Release|Any CPU = Release|Any CPU
	EndGlobalSection
	GlobalSection(ProjectConfigurationPlatforms) = postSolution
		{311E9E1C-597F-4E94-AE02-A4D911550D5C}.Debug|Any CPU.ActiveCfg = Debug|Any CPU
		{311E9E1C-597F-4E94-AE02-A4D911550D5C}.Debug|Any CPU.Build.0 = Debug|Any CPU
		{311E9E1C-597F-4E94-AE02-A4D911550D5C}.Release|Any CPU.ActiveCfg = Release|Any CPU
		{311E9E1C-597F-4E94-AE02-A4D911550D5C}.Release|Any CPU.Build.0 = Release|Any CPU
		{05649C87-D978-4B6D-B8A0-C072ADC120F9}.Debug|Any CPU.ActiveCfg = Debug|Any CPU
		{05649C87-D978-4B6D-B8A0-C072ADC120F9}.Debug|Any CPU.Build.0 = Debug|Any CPU
		{05649C87-D978-4B6D-B8A0-C072ADC120F9}.Release|Any CPU.ActiveCfg = Release|Any CPU
		{05649C87-D978-4B6D-B8A0-C072ADC120F9}.Release|Any CPU.Build.0 = Release|Any CPU
		{1C285D13-CF9A-4AFF-928C-3A303B8EE973}.Debug|Any CPU.ActiveCfg = Debug|Any CPU
		{1C285D13-CF9A-4AFF-928C-3A303B8EE973}.Debug|Any CPU.Build.0 = Debug|Any CPU
		{1C285D13-CF9A-4AFF-928C-3A303B8EE973}.Release|Any CPU.ActiveCfg = Release|Any CPU
		{1C285D13-CF9A-4AFF-928C-3A303B8EE973}.Release|Any CPU.Build.0 = Release|Any CPU
	EndGlobalSection
	GlobalSection(SolutionProperties) = preSolution
		HideSolutionNode = FALSE
	EndGlobalSection
	GlobalSection(ExtensibilityGlobals) = postSolution
		SolutionGuid = {29BD02A5-35D6-4634-AE2F-7A17DB4AE2AE}
	EndGlobalSection
EndGlobal
