
Microsoft Visual Studio Solution File, Format Version 12.00
# Visual Studio Version 17
VisualStudioVersion = 17.3.32819.101
MinimumVisualStudioVersion = 10.0.40219.1
Project("{FAE04EC0-301F-11D3-BF4B-00C04F79EFBC}") = "MiniORM Core", "MiniORM Core.csproj", "{7D545CFF-4606-4B05-91FC-E048EC874A85}"
EndProject
Global
	GlobalSection(SolutionConfigurationPlatforms) = preSolution
		Debug|Any CPU = Debug|Any CPU
		Release|Any CPU = Release|Any CPU
	EndGlobalSection
	GlobalSection(ProjectConfigurationPlatforms) = postSolution
		{7D545CFF-4606-4B05-91FC-E048EC874A85}.Debug|Any CPU.ActiveCfg = Debug|Any CPU
		{7D545CFF-4606-4B05-91FC-E048EC874A85}.Debug|Any CPU.Build.0 = Debug|Any CPU
		{7D545CFF-4606-4B05-91FC-E048EC874A85}.Release|Any CPU.ActiveCfg = Release|Any CPU
		{7D545CFF-4606-4B05-91FC-E048EC874A85}.Release|Any CPU.Build.0 = Release|Any CPU
	EndGlobalSection
	GlobalSection(SolutionProperties) = preSolution
		HideSolutionNode = FALSE
	EndGlobalSection
	GlobalSection(ExtensibilityGlobals) = postSolution
		SolutionGuid = {102F3B44-2D1D-4AC1-B24F-591491DDD9ED}
	EndGlobalSection
EndGlobal
