
Microsoft Visual Studio Solution File, Format Version 12.00
# Visual Studio Version 17
VisualStudioVersion = 17.7.34202.233
MinimumVisualStudioVersion = 10.0.40219.1
Project("{9A19103F-16F7-4668-BE54-9A1E7A4F7556}") = "StudentSystem", "StudentSystem\StudentSystem.csproj", "{9C4D0C85-2FF7-44A5-9B34-AB42E2E85AC3}"
EndProject
Project("{FAE04EC0-301F-11D3-BF4B-00C04F79EFBC}") = "P02_FootballBetting", "P02_FootballBetting\P02_FootballBetting.csproj", "{C146B409-17CC-484E-8874-F40B69D81F04}"
EndProject
Global
	GlobalSection(SolutionConfigurationPlatforms) = preSolution
		Debug|Any CPU = Debug|Any CPU
		Release|Any CPU = Release|Any CPU
	EndGlobalSection
	GlobalSection(ProjectConfigurationPlatforms) = postSolution
		{9C4D0C85-2FF7-44A5-9B34-AB42E2E85AC3}.Debug|Any CPU.ActiveCfg = Debug|Any CPU
		{9C4D0C85-2FF7-44A5-9B34-AB42E2E85AC3}.Debug|Any CPU.Build.0 = Debug|Any CPU
		{9C4D0C85-2FF7-44A5-9B34-AB42E2E85AC3}.Release|Any CPU.ActiveCfg = Release|Any CPU
		{9C4D0C85-2FF7-44A5-9B34-AB42E2E85AC3}.Release|Any CPU.Build.0 = Release|Any CPU
		{C146B409-17CC-484E-8874-F40B69D81F04}.Debug|Any CPU.ActiveCfg = Debug|Any CPU
		{C146B409-17CC-484E-8874-F40B69D81F04}.Debug|Any CPU.Build.0 = Debug|Any CPU
		{C146B409-17CC-484E-8874-F40B69D81F04}.Release|Any CPU.ActiveCfg = Release|Any CPU
		{C146B409-17CC-484E-8874-F40B69D81F04}.Release|Any CPU.Build.0 = Release|Any CPU
	EndGlobalSection
	GlobalSection(SolutionProperties) = preSolution
		HideSolutionNode = FALSE
	EndGlobalSection
	GlobalSection(ExtensibilityGlobals) = postSolution
		SolutionGuid = {49089281-27AC-4D1A-8496-11A391C4DEA3}
	EndGlobalSection
EndGlobal
